
Microsoft Visual Studio Solution File, Format Version 12.00
# Visual Studio Version 16
VisualStudioVersion = 16.0.31424.327
MinimumVisualStudioVersion = 10.0.40219.1
Project("{FAE04EC0-301F-11D3-BF4B-00C04F79EFBC}") = "DoSomeExecution", "DoSomeExecution\DoSomeExecution.csproj", "{19DE8F66-82C4-42C2-96FB-6E753147EAB0}"
EndProject
Project("{FAE04EC0-301F-11D3-BF4B-00C04F79EFBC}") = "LockerManagement", "LockerManagement\LockerManagement.csproj", "{B26FD70F-6BC8-441C-B7C5-F5BB1720422C}"
EndProject
Project("{FAE04EC0-301F-11D3-BF4B-00C04F79EFBC}") = "LockerManagementTests", "LockerManagementTests\LockerManagementTests.csproj", "{71C051EB-0597-48FB-A04C-FFA29FEE9A1B}"
EndProject
Project("{FAE04EC0-301F-11D3-BF4B-00C04F79EFBC}") = "LockerServices", "LockerServices\LockerServices.csproj", "{6443AFF8-5CDD-4A73-B29A-CFF87BB7F31B}"
EndProject
Global
	GlobalSection(SolutionConfigurationPlatforms) = preSolution
		Debug|Any CPU = Debug|Any CPU
		Release|Any CPU = Release|Any CPU
	EndGlobalSection
	GlobalSection(ProjectConfigurationPlatforms) = postSolution
		{19DE8F66-82C4-42C2-96FB-6E753147EAB0}.Debug|Any CPU.ActiveCfg = Debug|Any CPU
		{19DE8F66-82C4-42C2-96FB-6E753147EAB0}.Debug|Any CPU.Build.0 = Debug|Any CPU
		{19DE8F66-82C4-42C2-96FB-6E753147EAB0}.Release|Any CPU.ActiveCfg = Release|Any CPU
		{19DE8F66-82C4-42C2-96FB-6E753147EAB0}.Release|Any CPU.Build.0 = Release|Any CPU
		{B26FD70F-6BC8-441C-B7C5-F5BB1720422C}.Debug|Any CPU.ActiveCfg = Debug|Any CPU
		{B26FD70F-6BC8-441C-B7C5-F5BB1720422C}.Debug|Any CPU.Build.0 = Debug|Any CPU
		{B26FD70F-6BC8-441C-B7C5-F5BB1720422C}.Release|Any CPU.ActiveCfg = Release|Any CPU
		{B26FD70F-6BC8-441C-B7C5-F5BB1720422C}.Release|Any CPU.Build.0 = Release|Any CPU
		{71C051EB-0597-48FB-A04C-FFA29FEE9A1B}.Debug|Any CPU.ActiveCfg = Debug|Any CPU
		{71C051EB-0597-48FB-A04C-FFA29FEE9A1B}.Debug|Any CPU.Build.0 = Debug|Any CPU
		{71C051EB-0597-48FB-A04C-FFA29FEE9A1B}.Release|Any CPU.ActiveCfg = Release|Any CPU
		{71C051EB-0597-48FB-A04C-FFA29FEE9A1B}.Release|Any CPU.Build.0 = Release|Any CPU
		{6443AFF8-5CDD-4A73-B29A-CFF87BB7F31B}.Debug|Any CPU.ActiveCfg = Debug|Any CPU
		{6443AFF8-5CDD-4A73-B29A-CFF87BB7F31B}.Debug|Any CPU.Build.0 = Debug|Any CPU
		{6443AFF8-5CDD-4A73-B29A-CFF87BB7F31B}.Release|Any CPU.ActiveCfg = Release|Any CPU
		{6443AFF8-5CDD-4A73-B29A-CFF87BB7F31B}.Release|Any CPU.Build.0 = Release|Any CPU
	EndGlobalSection
	GlobalSection(SolutionProperties) = preSolution
		HideSolutionNode = FALSE
	EndGlobalSection
	GlobalSection(ExtensibilityGlobals) = postSolution
		SolutionGuid = {BB45BBFF-CA01-4B80-B750-573811567089}
	EndGlobalSection
EndGlobal
